
Microsoft Visual Studio Solution File, Format Version 12.00
# Visual Studio 2012
Project("{FAE04EC0-301F-11D3-BF4B-00C04F79EFBC}") = "BalancedSharp", "BalancedSharp\BalancedSharp.csproj", "{7DDF10EC-1B12-4802-84C0-36C3653B62CF}"
EndProject
Global
	GlobalSection(SolutionConfigurationPlatforms) = preSolution
		Debug|Any CPU = Debug|Any CPU
		Release|Any CPU = Release|Any CPU
	EndGlobalSection
	GlobalSection(ProjectConfigurationPlatforms) = postSolution
		{7DDF10EC-1B12-4802-84C0-36C3653B62CF}.Debug|Any CPU.ActiveCfg = Debug|Any CPU
		{7DDF10EC-1B12-4802-84C0-36C3653B62CF}.Debug|Any CPU.Build.0 = Debug|Any CPU
		{7DDF10EC-1B12-4802-84C0-36C3653B62CF}.Release|Any CPU.ActiveCfg = Release|Any CPU
		{7DDF10EC-1B12-4802-84C0-36C3653B62CF}.Release|Any CPU.Build.0 = Release|Any CPU
	EndGlobalSection
	GlobalSection(SolutionProperties) = preSolution
		HideSolutionNode = FALSE
	EndGlobalSection
EndGlobal
